
Microsoft Visual Studio Solution File, Format Version 12.00
Project("{FAE04EC0-301F-11D3-BF4B-00C04F79EFBC}") = "TddMoneyExample", "TddMoneyExample\TddMoneyExample.csproj", "{053E52EE-6201-4435-9D1E-2889CCE7FACD}"
EndProject
Project("{FAE04EC0-301F-11D3-BF4B-00C04F79EFBC}") = "MoneyExampleTests", "MoneyExampleTests\MoneyExampleTests.csproj", "{974C1BA5-4A0B-4293-B25E-DC5A147CD249}"
EndProject
Global
	GlobalSection(SolutionConfigurationPlatforms) = preSolution
		Debug|Any CPU = Debug|Any CPU
		Release|Any CPU = Release|Any CPU
	EndGlobalSection
	GlobalSection(ProjectConfigurationPlatforms) = postSolution
		{053E52EE-6201-4435-9D1E-2889CCE7FACD}.Debug|Any CPU.ActiveCfg = Debug|Any CPU
		{053E52EE-6201-4435-9D1E-2889CCE7FACD}.Debug|Any CPU.Build.0 = Debug|Any CPU
		{053E52EE-6201-4435-9D1E-2889CCE7FACD}.Release|Any CPU.ActiveCfg = Release|Any CPU
		{053E52EE-6201-4435-9D1E-2889CCE7FACD}.Release|Any CPU.Build.0 = Release|Any CPU
		{974C1BA5-4A0B-4293-B25E-DC5A147CD249}.Debug|Any CPU.ActiveCfg = Debug|Any CPU
		{974C1BA5-4A0B-4293-B25E-DC5A147CD249}.Debug|Any CPU.Build.0 = Debug|Any CPU
		{974C1BA5-4A0B-4293-B25E-DC5A147CD249}.Release|Any CPU.ActiveCfg = Release|Any CPU
		{974C1BA5-4A0B-4293-B25E-DC5A147CD249}.Release|Any CPU.Build.0 = Release|Any CPU
	EndGlobalSection
EndGlobal
